
Microsoft Visual Studio Solution File, Format Version 12.00
# Visual Studio Version 17
VisualStudioVersion = 17.3.32811.315
MinimumVisualStudioVersion = 10.0.40219.1
Project("{9A19103F-16F7-4668-BE54-9A1E7A4F7556}") = "gdsmx-back-netcoreAPI", "gdsmx-back-netcoreAPI.csproj", "{003EAB03-1768-484A-BB1F-0A941AA7A2E6}"
EndProject
Project("{FAE04EC0-301F-11D3-BF4B-00C04F79EFBC}") = "AzureFileUploader", "..\AzureFileUploader\AzureFileUploader.csproj", "{F3A3100F-2415-459E-80A1-0CD79067EA1B}"
EndProject
Global
	GlobalSection(SolutionConfigurationPlatforms) = preSolution
		Debug|Any CPU = Debug|Any CPU
		Release|Any CPU = Release|Any CPU
	EndGlobalSection
	GlobalSection(ProjectConfigurationPlatforms) = postSolution
		{003EAB03-1768-484A-BB1F-0A941AA7A2E6}.Debug|Any CPU.ActiveCfg = Debug|Any CPU
		{003EAB03-1768-484A-BB1F-0A941AA7A2E6}.Debug|Any CPU.Build.0 = Debug|Any CPU
		{003EAB03-1768-484A-BB1F-0A941AA7A2E6}.Release|Any CPU.ActiveCfg = Release|Any CPU
		{003EAB03-1768-484A-BB1F-0A941AA7A2E6}.Release|Any CPU.Build.0 = Release|Any CPU
		{F3A3100F-2415-459E-80A1-0CD79067EA1B}.Debug|Any CPU.ActiveCfg = Debug|Any CPU
		{F3A3100F-2415-459E-80A1-0CD79067EA1B}.Debug|Any CPU.Build.0 = Debug|Any CPU
		{F3A3100F-2415-459E-80A1-0CD79067EA1B}.Release|Any CPU.ActiveCfg = Release|Any CPU
		{F3A3100F-2415-459E-80A1-0CD79067EA1B}.Release|Any CPU.Build.0 = Release|Any CPU
	EndGlobalSection
	GlobalSection(SolutionProperties) = preSolution
		HideSolutionNode = FALSE
	EndGlobalSection
	GlobalSection(ExtensibilityGlobals) = postSolution
		SolutionGuid = {D9A35F3D-214B-4675-8284-8EB5E4FE8BDF}
	EndGlobalSection
EndGlobal
